// !$*UTF8*$!
{
	archiveVersion = 1;
	classes = {
	};
	objectVersion = 46;
	objects = {

/* Begin PBXBuildFile section */
		1954C890138D9CF7008AFCC4 /* UIKit.framework in Frameworks */ = {isa = PBXBuildFile; fileRef = 1954C88F138D9CF7008AFCC4 /* UIKit.framework */; };
		1954C892138D9CF7008AFCC4 /* Foundation.framework in Frameworks */ = {isa = PBXBuildFile; fileRef = 1954C891138D9CF7008AFCC4 /* Foundation.framework */; };
		1954C894138D9CF7008AFCC4 /* CoreGraphics.framework in Frameworks */ = {isa = PBXBuildFile; fileRef = 1954C893138D9CF7008AFCC4 /* CoreGraphics.framework */; };
		1954C896138D9CF7008AFCC4 /* CoreData.framework in Frameworks */ = {isa = PBXBuildFile; fileRef = 1954C895138D9CF7008AFCC4 /* CoreData.framework */; };
		1954C89C138D9CF7008AFCC4 /* InfoPlist.strings in Resources */ = {isa = PBXBuildFile; fileRef = 1954C89A138D9CF7008AFCC4 /* InfoPlist.strings */; };
		1954C89F138D9CF7008AFCC4 /* main.m in Sources */ = {isa = PBXBuildFile; fileRef = 1954C89E138D9CF7008AFCC4 /* main.m */; };
		1954C8A2138D9CF7008AFCC4 /* ios_ui_cgAppDelegate.m in Sources */ = {isa = PBXBuildFile; fileRef = 1954C8A1138D9CF7008AFCC4 /* ios_ui_cgAppDelegate.m */; };
		1954C8A5138D9CF8008AFCC4 /* MainWindow.xib in Resources */ = {isa = PBXBuildFile; fileRef = 1954C8A3138D9CF8008AFCC4 /* MainWindow.xib */; };
		1954C8A8138D9CF8008AFCC4 /* ios_ui_cg.xcdatamodeld in Sources */ = {isa = PBXBuildFile; fileRef = 1954C8A6138D9CF8008AFCC4 /* ios_ui_cg.xcdatamodeld */; };
		1954C8AF138D9CF8008AFCC4 /* UIKit.framework in Frameworks */ = {isa = PBXBuildFile; fileRef = 1954C88F138D9CF7008AFCC4 /* UIKit.framework */; };
		1954C8B0138D9CF8008AFCC4 /* Foundation.framework in Frameworks */ = {isa = PBXBuildFile; fileRef = 1954C891138D9CF7008AFCC4 /* Foundation.framework */; };
		1954C8B1138D9CF8008AFCC4 /* CoreGraphics.framework in Frameworks */ = {isa = PBXBuildFile; fileRef = 1954C893138D9CF7008AFCC4 /* CoreGraphics.framework */; };
		1954C8B2138D9CF8008AFCC4 /* CoreData.framework in Frameworks */ = {isa = PBXBuildFile; fileRef = 1954C895138D9CF7008AFCC4 /* CoreData.framework */; };
		1954C8BA138D9CF8008AFCC4 /* InfoPlist.strings in Resources */ = {isa = PBXBuildFile; fileRef = 1954C8B8138D9CF8008AFCC4 /* InfoPlist.strings */; };
		1954C8BD138D9CF8008AFCC4 /* ios_ui_cgTests.h in Resources */ = {isa = PBXBuildFile; fileRef = 1954C8BC138D9CF8008AFCC4 /* ios_ui_cgTests.h */; };
		1954C8BF138D9CF8008AFCC4 /* ios_ui_cgTests.m in Sources */ = {isa = PBXBuildFile; fileRef = 1954C8BE138D9CF8008AFCC4 /* ios_ui_cgTests.m */; };
		1954C8D6138D9D4D008AFCC4 /* RegionView.m in Sources */ = {isa = PBXBuildFile; fileRef = 1954C8C9138D9D4D008AFCC4 /* RegionView.m */; };
		1954C8D7138D9D4D008AFCC4 /* Region.m in Sources */ = {isa = PBXBuildFile; fileRef = 1954C8CB138D9D4D008AFCC4 /* Region.m */; };
		1954C8D8138D9D4D008AFCC4 /* FakeModel.m in Sources */ = {isa = PBXBuildFile; fileRef = 1954C8CD138D9D4D008AFCC4 /* FakeModel.m */; };
		1954C8D9138D9D4D008AFCC4 /* MescalineViewController.m in Sources */ = {isa = PBXBuildFile; fileRef = 1954C8CF138D9D4D008AFCC4 /* MescalineViewController.m */; };
		1954C8DA138D9D4D008AFCC4 /* MescalineViewController.xib in Resources */ = {isa = PBXBuildFile; fileRef = 1954C8D0138D9D4D008AFCC4 /* MescalineViewController.xib */; };
		1954C8DB138D9D4D008AFCC4 /* FeatureSpace.m in Sources */ = {isa = PBXBuildFile; fileRef = 1954C8D2138D9D4D008AFCC4 /* FeatureSpace.m */; };
		1954C8DC138D9D4D008AFCC4 /* MescalineStartViewController.m in Sources */ = {isa = PBXBuildFile; fileRef = 1954C8D4138D9D4D008AFCC4 /* MescalineStartViewController.m */; };
		1954C8DD138D9D4D008AFCC4 /* MescalineStartViewController.xib in Resources */ = {isa = PBXBuildFile; fileRef = 1954C8D5138D9D4D008AFCC4 /* MescalineStartViewController.xib */; };
/* End PBXBuildFile section */

/* Begin PBXContainerItemProxy section */
		1954C8B3138D9CF8008AFCC4 /* PBXContainerItemProxy */ = {
			isa = PBXContainerItemProxy;
			containerPortal = 1954C882138D9CF7008AFCC4 /* Project object */;
			proxyType = 1;
			remoteGlobalIDString = 1954C88A138D9CF7008AFCC4;
			remoteInfo = "ios-ui-cg";
		};
/* End PBXContainerItemProxy section */

/* Begin PBXFileReference section */
		1954C88B138D9CF7008AFCC4 /* ios-ui-cg.app */ = {isa = PBXFileReference; explicitFileType = wrapper.application; includeInIndex = 0; path = "ios-ui-cg.app"; sourceTree = BUILT_PRODUCTS_DIR; };
		1954C88F138D9CF7008AFCC4 /* UIKit.framework */ = {isa = PBXFileReference; lastKnownFileType = wrapper.framework; name = UIKit.framework; path = System/Library/Frameworks/UIKit.framework; sourceTree = SDKROOT; };
		1954C891138D9CF7008AFCC4 /* Foundation.framework */ = {isa = PBXFileReference; lastKnownFileType = wrapper.framework; name = Foundation.framework; path = System/Library/Frameworks/Foundation.framework; sourceTree = SDKROOT; };
		1954C893138D9CF7008AFCC4 /* CoreGraphics.framework */ = {isa = PBXFileReference; lastKnownFileType = wrapper.framework; name = CoreGraphics.framework; path = System/Library/Frameworks/CoreGraphics.framework; sourceTree = SDKROOT; };
		1954C895138D9CF7008AFCC4 /* CoreData.framework */ = {isa = PBXFileReference; lastKnownFileType = wrapper.framework; name = CoreData.framework; path = System/Library/Frameworks/CoreData.framework; sourceTree = SDKROOT; };
		1954C899138D9CF7008AFCC4 /* ios-ui-cg-Info.plist */ = {isa = PBXFileReference; lastKnownFileType = text.plist.xml; path = "ios-ui-cg-Info.plist"; sourceTree = "<group>"; };
		1954C89B138D9CF7008AFCC4 /* en */ = {isa = PBXFileReference; lastKnownFileType = text.plist.strings; name = en; path = en.lproj/InfoPlist.strings; sourceTree = "<group>"; };
		1954C89D138D9CF7008AFCC4 /* ios-ui-cg-Prefix.pch */ = {isa = PBXFileReference; lastKnownFileType = sourcecode.c.h; path = "ios-ui-cg-Prefix.pch"; sourceTree = "<group>"; };
		1954C89E138D9CF7008AFCC4 /* main.m */ = {isa = PBXFileReference; lastKnownFileType = sourcecode.c.objc; path = main.m; sourceTree = "<group>"; };
		1954C8A0138D9CF7008AFCC4 /* ios_ui_cgAppDelegate.h */ = {isa = PBXFileReference; lastKnownFileType = sourcecode.c.h; path = ios_ui_cgAppDelegate.h; sourceTree = "<group>"; };
		1954C8A1138D9CF7008AFCC4 /* ios_ui_cgAppDelegate.m */ = {isa = PBXFileReference; lastKnownFileType = sourcecode.c.objc; path = ios_ui_cgAppDelegate.m; sourceTree = "<group>"; };
		1954C8A4138D9CF8008AFCC4 /* en */ = {isa = PBXFileReference; lastKnownFileType = file.xib; name = en; path = en.lproj/MainWindow.xib; sourceTree = "<group>"; };
		1954C8A7138D9CF8008AFCC4 /* ios_ui_cg.xcdatamodel */ = {isa = PBXFileReference; lastKnownFileType = wrapper.xcdatamodel; path = ios_ui_cg.xcdatamodel; sourceTree = "<group>"; };
		1954C8AE138D9CF8008AFCC4 /* ios-ui-cgTests.octest */ = {isa = PBXFileReference; explicitFileType = wrapper.cfbundle; includeInIndex = 0; path = "ios-ui-cgTests.octest"; sourceTree = BUILT_PRODUCTS_DIR; };
		1954C8B7138D9CF8008AFCC4 /* ios-ui-cgTests-Info.plist */ = {isa = PBXFileReference; lastKnownFileType = text.plist.xml; path = "ios-ui-cgTests-Info.plist"; sourceTree = "<group>"; };
		1954C8B9138D9CF8008AFCC4 /* en */ = {isa = PBXFileReference; lastKnownFileType = text.plist.strings; name = en; path = en.lproj/InfoPlist.strings; sourceTree = "<group>"; };
		1954C8BB138D9CF8008AFCC4 /* ios-ui-cgTests-Prefix.pch */ = {isa = PBXFileReference; lastKnownFileType = sourcecode.c.h; path = "ios-ui-cgTests-Prefix.pch"; sourceTree = "<group>"; };
		1954C8BC138D9CF8008AFCC4 /* ios_ui_cgTests.h */ = {isa = PBXFileReference; lastKnownFileType = sourcecode.c.h; path = ios_ui_cgTests.h; sourceTree = "<group>"; };
		1954C8BE138D9CF8008AFCC4 /* ios_ui_cgTests.m */ = {isa = PBXFileReference; lastKnownFileType = sourcecode.c.objc; path = ios_ui_cgTests.m; sourceTree = "<group>"; };
		1954C8C8138D9D4D008AFCC4 /* RegionView.h */ = {isa = PBXFileReference; fileEncoding = 4; lastKnownFileType = sourcecode.c.h; path = RegionView.h; sourceTree = "<group>"; };
		1954C8C9138D9D4D008AFCC4 /* RegionView.m */ = {isa = PBXFileReference; fileEncoding = 4; lastKnownFileType = sourcecode.c.objc; path = RegionView.m; sourceTree = "<group>"; };
		1954C8CA138D9D4D008AFCC4 /* Region.h */ = {isa = PBXFileReference; fileEncoding = 4; lastKnownFileType = sourcecode.c.h; path = Region.h; sourceTree = "<group>"; };
		1954C8CB138D9D4D008AFCC4 /* Region.m */ = {isa = PBXFileReference; fileEncoding = 4; lastKnownFileType = sourcecode.c.objc; path = Region.m; sourceTree = "<group>"; };
		1954C8CC138D9D4D008AFCC4 /* FakeModel.h */ = {isa = PBXFileReference; fileEncoding = 4; lastKnownFileType = sourcecode.c.h; path = FakeModel.h; sourceTree = "<group>"; };
		1954C8CD138D9D4D008AFCC4 /* FakeModel.m */ = {isa = PBXFileReference; fileEncoding = 4; lastKnownFileType = sourcecode.c.objc; path = FakeModel.m; sourceTree = "<group>"; };
		1954C8CE138D9D4D008AFCC4 /* MescalineViewController.h */ = {isa = PBXFileReference; fileEncoding = 4; lastKnownFileType = sourcecode.c.h; path = MescalineViewController.h; sourceTree = "<group>"; };
		1954C8CF138D9D4D008AFCC4 /* MescalineViewController.m */ = {isa = PBXFileReference; fileEncoding = 4; lastKnownFileType = sourcecode.c.objc; path = MescalineViewController.m; sourceTree = "<group>"; };
		1954C8D0138D9D4D008AFCC4 /* MescalineViewController.xib */ = {isa = PBXFileReference; fileEncoding = 4; lastKnownFileType = file.xib; path = MescalineViewController.xib; sourceTree = "<group>"; };
		1954C8D1138D9D4D008AFCC4 /* FeatureSpace.h */ = {isa = PBXFileReference; fileEncoding = 4; lastKnownFileType = sourcecode.c.h; path = FeatureSpace.h; sourceTree = "<group>"; };
		1954C8D2138D9D4D008AFCC4 /* FeatureSpace.m */ = {isa = PBXFileReference; fileEncoding = 4; lastKnownFileType = sourcecode.c.objc; path = FeatureSpace.m; sourceTree = "<group>"; };
		1954C8D3138D9D4D008AFCC4 /* MescalineStartViewController.h */ = {isa = PBXFileReference; fileEncoding = 4; lastKnownFileType = sourcecode.c.h; path = MescalineStartViewController.h; sourceTree = "<group>"; };
		1954C8D4138D9D4D008AFCC4 /* MescalineStartViewController.m */ = {isa = PBXFileReference; fileEncoding = 4; lastKnownFileType = sourcecode.c.objc; path = MescalineStartViewController.m; sourceTree = "<group>"; };
		1954C8D5138D9D4D008AFCC4 /* MescalineStartViewController.xib */ = {isa = PBXFileReference; fileEncoding = 4; lastKnownFileType = file.xib; path = MescalineStartViewController.xib; sourceTree = "<group>"; };
/* End PBXFileReference section */

/* Begin PBXFrameworksBuildPhase section */
		1954C888138D9CF7008AFCC4 /* Frameworks */ = {
			isa = PBXFrameworksBuildPhase;
			buildActionMask = 2147483647;
			files = (
				1954C890138D9CF7008AFCC4 /* UIKit.framework in Frameworks */,
				1954C892138D9CF7008AFCC4 /* Foundation.framework in Frameworks */,
				1954C894138D9CF7008AFCC4 /* CoreGraphics.framework in Frameworks */,
				1954C896138D9CF7008AFCC4 /* CoreData.framework in Frameworks */,
			);
			runOnlyForDeploymentPostprocessing = 0;
		};
		1954C8AA138D9CF8008AFCC4 /* Frameworks */ = {
			isa = PBXFrameworksBuildPhase;
			buildActionMask = 2147483647;
			files = (
				1954C8AF138D9CF8008AFCC4 /* UIKit.framework in Frameworks */,
				1954C8B0138D9CF8008AFCC4 /* Foundation.framework in Frameworks */,
				1954C8B1138D9CF8008AFCC4 /* CoreGraphics.framework in Frameworks */,
				1954C8B2138D9CF8008AFCC4 /* CoreData.framework in Frameworks */,
			);
			runOnlyForDeploymentPostprocessing = 0;
		};
/* End PBXFrameworksBuildPhase section */

/* Begin PBXGroup section */
		1954C880138D9CF7008AFCC4 = {
			isa = PBXGroup;
			children = (
				1954C897138D9CF7008AFCC4 /* ios-ui-cg */,
				1954C8B5138D9CF8008AFCC4 /* ios-ui-cgTests */,
				1954C88E138D9CF7008AFCC4 /* Frameworks */,
				1954C88C138D9CF7008AFCC4 /* Products */,
			);
			sourceTree = "<group>";
		};
		1954C88C138D9CF7008AFCC4 /* Products */ = {
			isa = PBXGroup;
			children = (
				1954C88B138D9CF7008AFCC4 /* ios-ui-cg.app */,
				1954C8AE138D9CF8008AFCC4 /* ios-ui-cgTests.octest */,
			);
			name = Products;
			sourceTree = "<group>";
		};
		1954C88E138D9CF7008AFCC4 /* Frameworks */ = {
			isa = PBXGroup;
			children = (
				1954C88F138D9CF7008AFCC4 /* UIKit.framework */,
				1954C891138D9CF7008AFCC4 /* Foundation.framework */,
				1954C893138D9CF7008AFCC4 /* CoreGraphics.framework */,
				1954C895138D9CF7008AFCC4 /* CoreData.framework */,
			);
			name = Frameworks;
			sourceTree = "<group>";
		};
		1954C897138D9CF7008AFCC4 /* ios-ui-cg */ = {
			isa = PBXGroup;
			children = (
				1954C8A0138D9CF7008AFCC4 /* ios_ui_cgAppDelegate.h */,
				1954C8C8138D9D4D008AFCC4 /* RegionView.h */,
				1954C8C9138D9D4D008AFCC4 /* RegionView.m */,
				1954C8CA138D9D4D008AFCC4 /* Region.h */,
				1954C8CB138D9D4D008AFCC4 /* Region.m */,
				1954C8CC138D9D4D008AFCC4 /* FakeModel.h */,
				1954C8CD138D9D4D008AFCC4 /* FakeModel.m */,
				1954C8CE138D9D4D008AFCC4 /* MescalineViewController.h */,
				1954C8CF138D9D4D008AFCC4 /* MescalineViewController.m */,
				1954C8D0138D9D4D008AFCC4 /* MescalineViewController.xib */,
				1954C8D1138D9D4D008AFCC4 /* FeatureSpace.h */,
				1954C8D2138D9D4D008AFCC4 /* FeatureSpace.m */,
				1954C8D3138D9D4D008AFCC4 /* MescalineStartViewController.h */,
				1954C8D4138D9D4D008AFCC4 /* MescalineStartViewController.m */,
				1954C8D5138D9D4D008AFCC4 /* MescalineStartViewController.xib */,
				1954C8A1138D9CF7008AFCC4 /* ios_ui_cgAppDelegate.m */,
				1954C8A3138D9CF8008AFCC4 /* MainWindow.xib */,
				1954C8A6138D9CF8008AFCC4 /* ios_ui_cg.xcdatamodeld */,
				1954C898138D9CF7008AFCC4 /* Supporting Files */,
			);
			path = "ios-ui-cg";
			sourceTree = "<group>";
		};
		1954C898138D9CF7008AFCC4 /* Supporting Files */ = {
			isa = PBXGroup;
			children = (
				1954C899138D9CF7008AFCC4 /* ios-ui-cg-Info.plist */,
				1954C89A138D9CF7008AFCC4 /* InfoPlist.strings */,
				1954C89D138D9CF7008AFCC4 /* ios-ui-cg-Prefix.pch */,
				1954C89E138D9CF7008AFCC4 /* main.m */,
			);
			name = "Supporting Files";
			sourceTree = "<group>";
		};
		1954C8B5138D9CF8008AFCC4 /* ios-ui-cgTests */ = {
			isa = PBXGroup;
			children = (
				1954C8BC138D9CF8008AFCC4 /* ios_ui_cgTests.h */,
				1954C8BE138D9CF8008AFCC4 /* ios_ui_cgTests.m */,
				1954C8B6138D9CF8008AFCC4 /* Supporting Files */,
			);
			path = "ios-ui-cgTests";
			sourceTree = "<group>";
		};
		1954C8B6138D9CF8008AFCC4 /* Supporting Files */ = {
			isa = PBXGroup;
			children = (
				1954C8B7138D9CF8008AFCC4 /* ios-ui-cgTests-Info.plist */,
				1954C8B8138D9CF8008AFCC4 /* InfoPlist.strings */,
				1954C8BB138D9CF8008AFCC4 /* ios-ui-cgTests-Prefix.pch */,
			);
			name = "Supporting Files";
			sourceTree = "<group>";
		};
/* End PBXGroup section */

/* Begin PBXNativeTarget section */
		1954C88A138D9CF7008AFCC4 /* ios-ui-cg */ = {
			isa = PBXNativeTarget;
			buildConfigurationList = 1954C8C2138D9CF8008AFCC4 /* Build configuration list for PBXNativeTarget "ios-ui-cg" */;
			buildPhases = (
				1954C887138D9CF7008AFCC4 /* Sources */,
				1954C888138D9CF7008AFCC4 /* Frameworks */,
				1954C889138D9CF7008AFCC4 /* Resources */,
			);
			buildRules = (
			);
			dependencies = (
			);
			name = "ios-ui-cg";
			productName = "ios-ui-cg";
			productReference = 1954C88B138D9CF7008AFCC4 /* ios-ui-cg.app */;
			productType = "com.apple.product-type.application";
		};
		1954C8AD138D9CF8008AFCC4 /* ios-ui-cgTests */ = {
			isa = PBXNativeTarget;
			buildConfigurationList = 1954C8C5138D9CF8008AFCC4 /* Build configuration list for PBXNativeTarget "ios-ui-cgTests" */;
			buildPhases = (
				1954C8A9138D9CF8008AFCC4 /* Sources */,
				1954C8AA138D9CF8008AFCC4 /* Frameworks */,
				1954C8AB138D9CF8008AFCC4 /* Resources */,
				1954C8AC138D9CF8008AFCC4 /* ShellScript */,
			);
			buildRules = (
			);
			dependencies = (
				1954C8B4138D9CF8008AFCC4 /* PBXTargetDependency */,
			);
			name = "ios-ui-cgTests";
			productName = "ios-ui-cgTests";
			productReference = 1954C8AE138D9CF8008AFCC4 /* ios-ui-cgTests.octest */;
			productType = "com.apple.product-type.bundle";
		};
/* End PBXNativeTarget section */

/* Begin PBXProject section */
		1954C882138D9CF7008AFCC4 /* Project object */ = {
			isa = PBXProject;
			attributes = {
				ORGANIZATIONNAME = "Null2 GmbH";
			};
			buildConfigurationList = 1954C885138D9CF7008AFCC4 /* Build configuration list for PBXProject "ios-ui-cg" */;
			compatibilityVersion = "Xcode 3.2";
			developmentRegion = English;
			hasScannedForEncodings = 0;
			knownRegions = (
				en,
			);
			mainGroup = 1954C880138D9CF7008AFCC4;
			productRefGroup = 1954C88C138D9CF7008AFCC4 /* Products */;
			projectDirPath = "";
			projectRoot = "";
			targets = (
				1954C88A138D9CF7008AFCC4 /* ios-ui-cg */,
				1954C8AD138D9CF8008AFCC4 /* ios-ui-cgTests */,
			);
		};
/* End PBXProject section */

/* Begin PBXResourcesBuildPhase section */
		1954C889138D9CF7008AFCC4 /* Resources */ = {
			isa = PBXResourcesBuildPhase;
			buildActionMask = 2147483647;
			files = (
				1954C89C138D9CF7008AFCC4 /* InfoPlist.strings in Resources */,
				1954C8A5138D9CF8008AFCC4 /* MainWindow.xib in Resources */,
				1954C8DA138D9D4D008AFCC4 /* MescalineViewController.xib in Resources */,
				1954C8DD138D9D4D008AFCC4 /* MescalineStartViewController.xib in Resources */,
			);
			runOnlyForDeploymentPostprocessing = 0;
		};
		1954C8AB138D9CF8008AFCC4 /* Resources */ = {
			isa = PBXResourcesBuildPhase;
			buildActionMask = 2147483647;
			files = (
				1954C8BA138D9CF8008AFCC4 /* InfoPlist.strings in Resources */,
				1954C8BD138D9CF8008AFCC4 /* ios_ui_cgTests.h in Resources */,
			);
			runOnlyForDeploymentPostprocessing = 0;
		};
/* End PBXResourcesBuildPhase section */

/* Begin PBXShellScriptBuildPhase section */
		1954C8AC138D9CF8008AFCC4 /* ShellScript */ = {
			isa = PBXShellScriptBuildPhase;
			buildActionMask = 2147483647;
			files = (
			);
			inputPaths = (
			);
			outputPaths = (
			);
			runOnlyForDeploymentPostprocessing = 0;
			shellPath = /bin/sh;
			shellScript = "# Run the unit tests in this test bundle.\n\"${SYSTEM_DEVELOPER_DIR}/Tools/RunUnitTests\"\n";
		};
/* End PBXShellScriptBuildPhase section */

/* Begin PBXSourcesBuildPhase section */
		1954C887138D9CF7008AFCC4 /* Sources */ = {
			isa = PBXSourcesBuildPhase;
			buildActionMask = 2147483647;
			files = (
				1954C89F138D9CF7008AFCC4 /* main.m in Sources */,
				1954C8A2138D9CF7008AFCC4 /* ios_ui_cgAppDelegate.m in Sources */,
				1954C8A8138D9CF8008AFCC4 /* ios_ui_cg.xcdatamodeld in Sources */,
				1954C8D6138D9D4D008AFCC4 /* RegionView.m in Sources */,
				1954C8D7138D9D4D008AFCC4 /* Region.m in Sources */,
				1954C8D8138D9D4D008AFCC4 /* FakeModel.m in Sources */,
				1954C8D9138D9D4D008AFCC4 /* MescalineViewController.m in Sources */,
				1954C8DB138D9D4D008AFCC4 /* FeatureSpace.m in Sources */,
				1954C8DC138D9D4D008AFCC4 /* MescalineStartViewController.m in Sources */,
			);
			runOnlyForDeploymentPostprocessing = 0;
		};
		1954C8A9138D9CF8008AFCC4 /* Sources */ = {
			isa = PBXSourcesBuildPhase;
			buildActionMask = 2147483647;
			files = (
				1954C8BF138D9CF8008AFCC4 /* ios_ui_cgTests.m in Sources */,
			);
			runOnlyForDeploymentPostprocessing = 0;
		};
/* End PBXSourcesBuildPhase section */

/* Begin PBXTargetDependency section */
		1954C8B4138D9CF8008AFCC4 /* PBXTargetDependency */ = {
			isa = PBXTargetDependency;
			target = 1954C88A138D9CF7008AFCC4 /* ios-ui-cg */;
			targetProxy = 1954C8B3138D9CF8008AFCC4 /* PBXContainerItemProxy */;
		};
/* End PBXTargetDependency section */

/* Begin PBXVariantGroup section */
		1954C89A138D9CF7008AFCC4 /* InfoPlist.strings */ = {
			isa = PBXVariantGroup;
			children = (
				1954C89B138D9CF7008AFCC4 /* en */,
			);
			name = InfoPlist.strings;
			sourceTree = "<group>";
		};
		1954C8A3138D9CF8008AFCC4 /* MainWindow.xib */ = {
			isa = PBXVariantGroup;
			children = (
				1954C8A4138D9CF8008AFCC4 /* en */,
			);
			name = MainWindow.xib;
			sourceTree = "<group>";
		};
		1954C8B8138D9CF8008AFCC4 /* InfoPlist.strings */ = {
			isa = PBXVariantGroup;
			children = (
				1954C8B9138D9CF8008AFCC4 /* en */,
			);
			name = InfoPlist.strings;
			sourceTree = "<group>";
		};
/* End PBXVariantGroup section */

/* Begin XCBuildConfiguration section */
		1954C8C0138D9CF8008AFCC4 /* Debug */ = {
			isa = XCBuildConfiguration;
			buildSettings = {
				ARCHS = "$(ARCHS_UNIVERSAL_IPHONE_OS)";
				"CODE_SIGN_IDENTITY[sdk=iphoneos*]" = "iPhone Developer";
				GCC_C_LANGUAGE_STANDARD = gnu99;
				GCC_OPTIMIZATION_LEVEL = 0;
				GCC_PREPROCESSOR_DEFINITIONS = DEBUG;
				GCC_SYMBOLS_PRIVATE_EXTERN = NO;
				GCC_VERSION = com.apple.compilers.llvmgcc42;
				GCC_WARN_ABOUT_RETURN_TYPE = YES;
				GCC_WARN_UNUSED_VARIABLE = YES;
				IPHONEOS_DEPLOYMENT_TARGET = 4.3;
				SDKROOT = iphoneos;
				TARGETED_DEVICE_FAMILY = 2;
			};
			name = Debug;
		};
		1954C8C1138D9CF8008AFCC4 /* Release */ = {
			isa = XCBuildConfiguration;
			buildSettings = {
				ARCHS = "$(ARCHS_UNIVERSAL_IPHONE_OS)";
				"CODE_SIGN_IDENTITY[sdk=iphoneos*]" = "iPhone Developer";
				GCC_C_LANGUAGE_STANDARD = gnu99;
				GCC_VERSION = com.apple.compilers.llvmgcc42;
				GCC_WARN_ABOUT_RETURN_TYPE = YES;
				GCC_WARN_UNUSED_VARIABLE = YES;
				IPHONEOS_DEPLOYMENT_TARGET = 4.3;
				OTHER_CFLAGS = "-DNS_BLOCK_ASSERTIONS=1";
				SDKROOT = iphoneos;
				TARGETED_DEVICE_FAMILY = 2;
			};
			name = Release;
		};
		1954C8C3138D9CF8008AFCC4 /* Debug */ = {
			isa = XCBuildConfiguration;
			buildSettings = {
				ALWAYS_SEARCH_USER_PATHS = NO;
				ARCHS = "$(ARCHS_UNIVERSAL_IPHONE_OS)";
				COPY_PHASE_STRIP = NO;
				GCC_DYNAMIC_NO_PIC = NO;
				GCC_PRECOMPILE_PREFIX_HEADER = YES;
				GCC_PREFIX_HEADER = "ios-ui-cg/ios-ui-cg-Prefix.pch";
				INFOPLIST_FILE = "ios-ui-cg/ios-ui-cg-Info.plist";
				PRODUCT_NAME = "$(TARGET_NAME)";
				WRAPPER_EXTENSION = app;
			};
			name = Debug;
		};
		1954C8C4138D9CF8008AFCC4 /* Release */ = {
			isa = XCBuildConfiguration;
			buildSettings = {
				ALWAYS_SEARCH_USER_PATHS = NO;
				ARCHS = "$(ARCHS_UNIVERSAL_IPHONE_OS)";
				COPY_PHASE_STRIP = YES;
				GCC_PRECOMPILE_PREFIX_HEADER = YES;
				GCC_PREFIX_HEADER = "ios-ui-cg/ios-ui-cg-Prefix.pch";
				INFOPLIST_FILE = "ios-ui-cg/ios-ui-cg-Info.plist";
				PRODUCT_NAME = "$(TARGET_NAME)";
				VALIDATE_PRODUCT = YES;
				WRAPPER_EXTENSION = app;
			};
			name = Release;
		};
		1954C8C6138D9CF8008AFCC4 /* Debug */ = {
			isa = XCBuildConfiguration;
			buildSettings = {
				ALWAYS_SEARCH_USER_PATHS = NO;
				ARCHS = "$(ARCHS_STANDARD_32_BIT)";
				BUNDLE_LOADER = "$(BUILT_PRODUCTS_DIR)/ios-ui-cg.app/ios-ui-cg";
				FRAMEWORK_SEARCH_PATHS = (
					"$(SDKROOT)/Developer/Library/Frameworks",
					"$(DEVELOPER_LIBRARY_DIR)/Frameworks",
				);
				GCC_PRECOMPILE_PREFIX_HEADER = YES;
				GCC_PREFIX_HEADER = "ios-ui-cgTests/ios-ui-cgTests-Prefix.pch";
				INFOPLIST_FILE = "ios-ui-cgTests/ios-ui-cgTests-Info.plist";
				OTHER_LDFLAGS = (
					"-framework",
					SenTestingKit,
				);
				PRODUCT_NAME = "$(TARGET_NAME)";
				TEST_HOST = "$(BUNDLE_LOADER)";
				WRAPPER_EXTENSION = octest;
			};
			name = Debug;
		};
		1954C8C7138D9CF8008AFCC4 /* Release */ = {
			isa = XCBuildConfiguration;
			buildSettings = {
				ALWAYS_SEARCH_USER_PATHS = NO;
				ARCHS = "$(ARCHS_STANDARD_32_BIT)";
				BUNDLE_LOADER = "$(BUILT_PRODUCTS_DIR)/ios-ui-cg.app/ios-ui-cg";
				FRAMEWORK_SEARCH_PATHS = (
					"$(SDKROOT)/Developer/Library/Frameworks",
					"$(DEVELOPER_LIBRARY_DIR)/Frameworks",
				);
				GCC_PRECOMPILE_PREFIX_HEADER = YES;
				GCC_PREFIX_HEADER = "ios-ui-cgTests/ios-ui-cgTests-Prefix.pch";
				INFOPLIST_FILE = "ios-ui-cgTests/ios-ui-cgTests-Info.plist";
				OTHER_LDFLAGS = (
					"-framework",
					SenTestingKit,
				);
				PRODUCT_NAME = "$(TARGET_NAME)";
				TEST_HOST = "$(BUNDLE_LOADER)";
				WRAPPER_EXTENSION = octest;
			};
			name = Release;
		};
/* End XCBuildConfiguration section */

/* Begin XCConfigurationList section */
		1954C885138D9CF7008AFCC4 /* Build configuration list for PBXProject "ios-ui-cg" */ = {
			isa = XCConfigurationList;
			buildConfigurations = (
				1954C8C0138D9CF8008AFCC4 /* Debug */,
				1954C8C1138D9CF8008AFCC4 /* Release */,
			);
			defaultConfigurationIsVisible = 0;
			defaultConfigurationName = Release;
		};
		1954C8C2138D9CF8008AFCC4 /* Build configuration list for PBXNativeTarget "ios-ui-cg" */ = {
			isa = XCConfigurationList;
			buildConfigurations = (
				1954C8C3138D9CF8008AFCC4 /* Debug */,
				1954C8C4138D9CF8008AFCC4 /* Release */,
			);
			defaultConfigurationIsVisible = 0;
			defaultConfigurationName = Release;
		};
		1954C8C5138D9CF8008AFCC4 /* Build configuration list for PBXNativeTarget "ios-ui-cgTests" */ = {
			isa = XCConfigurationList;
			buildConfigurations = (
				1954C8C6138D9CF8008AFCC4 /* Debug */,
				1954C8C7138D9CF8008AFCC4 /* Release */,
			);
			defaultConfigurationIsVisible = 0;
			defaultConfigurationName = Release;
		};
/* End XCConfigurationList section */

/* Begin XCVersionGroup section */
		1954C8A6138D9CF8008AFCC4 /* ios_ui_cg.xcdatamodeld */ = {
			isa = XCVersionGroup;
			children = (
				1954C8A7138D9CF8008AFCC4 /* ios_ui_cg.xcdatamodel */,
			);
			currentVersion = 1954C8A7138D9CF8008AFCC4 /* ios_ui_cg.xcdatamodel */;
			path = ios_ui_cg.xcdatamodeld;
			sourceTree = "<group>";
			versionGroupType = wrapper.xcdatamodel;
		};
/* End XCVersionGroup section */
	};
	rootObject = 1954C882138D9CF7008AFCC4 /* Project object */;
}
